// !$*UTF8*$!
{
	archiveVersion = 1;
	classes = {
	};
	objectVersion = 77;
	objects = {

/* Begin PBXBuildFile section */
		6C9677302EE9B7CE00DDB3B5 /* FirebaseFirestore in Frameworks */ = {isa = PBXBuildFile; productRef = 6C96772F2EE9B7CE00DDB3B5 /* FirebaseFirestore */; };
		6C9677322EE9B7D700DDB3B5 /* FirebaseCore in Frameworks */ = {isa = PBXBuildFile; productRef = 6C9677312EE9B7D700DDB3B5 /* FirebaseCore */; };
		6C96776D2EEA2F9900DDB3B5 /* FirebaseMessaging in Frameworks */ = {isa = PBXBuildFile; productRef = 6C96776C2EEA2F9900DDB3B5 /* FirebaseMessaging */; };
/* End PBXBuildFile section */

/* Begin PBXFileReference section */
		6C8A49462EFCA2CF00D1648E /* Sheffield_S5_7AU.gpx */ = {isa = PBXFileReference; lastKnownFileType = text.xml; path = Sheffield_S5_7AU.gpx; sourceTree = "<group>"; };
		6CA4D88E2EE6145800FFA65F /* WalkingWR.app */ = {isa = PBXFileReference; explicitFileType = wrapper.application; includeInIndex = 0; path = WalkingWR.app; sourceTree = BUILT_PRODUCTS_DIR; };
/* End PBXFileReference section */

/* Begin PBXFileSystemSynchronizedBuildFileExceptionSet section */
		6C9677712EEA319100DDB3B5 /* Exceptions for "WalkingWR" folder in "WalkingWR" target */ = {
			isa = PBXFileSystemSynchronizedBuildFileExceptionSet;
			membershipExceptions = (
				Info.plist,
			);
			target = 6CA4D88D2EE6145800FFA65F /* WalkingWR */;
		};
/* End PBXFileSystemSynchronizedBuildFileExceptionSet section */

/* Begin PBXFileSystemSynchronizedRootGroup section */
		6CA4D8902EE6145800FFA65F /* WalkingWR */ = {
			isa = PBXFileSystemSynchronizedRootGroup;
			exceptions = (
				6C9677712EEA319100DDB3B5 /* Exceptions for "WalkingWR" folder in "WalkingWR" target */,
			);
			path = WalkingWR;
			sourceTree = "<group>";
		};
/* End PBXFileSystemSynchronizedRootGroup section */

/* Begin PBXFrameworksBuildPhase section */
		6CA4D88B2EE6145800FFA65F /* Frameworks */ = {
			isa = PBXFrameworksBuildPhase;
			buildActionMask = 2147483647;
			files = (
				6C96776D2EEA2F9900DDB3B5 /* FirebaseMessaging in Frameworks */,
				6C9677322EE9B7D700DDB3B5 /* FirebaseCore in Frameworks */,
				6C9677302EE9B7CE00DDB3B5 /* FirebaseFirestore in Frameworks */,
			);
			runOnlyForDeploymentPostprocessing = 0;
		};
/* End PBXFrameworksBuildPhase section */

/* Begin PBXGroup section */
		6C96772E2EE9B7CE00DDB3B5 /* Frameworks */ = {
			isa = PBXGroup;
			children = (
			);
			name = Frameworks;
			sourceTree = "<group>";
		};
		6CA4D8852EE6145800FFA65F = {
			isa = PBXGroup;
			children = (
				6C8A49462EFCA2CF00D1648E /* Sheffield_S5_7AU.gpx */,
				6CA4D8902EE6145800FFA65F /* WalkingWR */,
				6C96772E2EE9B7CE00DDB3B5 /* Frameworks */,
				6CA4D88F2EE6145800FFA65F /* Products */,
			);
			sourceTree = "<group>";
		};
		6CA4D88F2EE6145800FFA65F /* Products */ = {
			isa = PBXGroup;
			children = (
				6CA4D88E2EE6145800FFA65F /* WalkingWR.app */,
			);
			name = Products;
			sourceTree = "<group>";
		};
/* End PBXGroup section */

/* Begin PBXNativeTarget section */
		6CA4D88D2EE6145800FFA65F /* WalkingWR */ = {
			isa = PBXNativeTarget;
			buildConfigurationList = 6CA4D8992EE6145900FFA65F /* Build configuration list for PBXNativeTarget "WalkingWR" */;
			buildPhases = (
				6CA4D88A2EE6145800FFA65F /* Sources */,
				6CA4D88B2EE6145800FFA65F /* Frameworks */,
				6CA4D88C2EE6145800FFA65F /* Resources */,
			);
			buildRules = (
			);
			dependencies = (
			);
			fileSystemSynchronizedGroups = (
				6CA4D8902EE6145800FFA65F /* WalkingWR */,
			);
			name = WalkingWR;
			packageProductDependencies = (
				6C96772F2EE9B7CE00DDB3B5 /* FirebaseFirestore */,
				6C9677312EE9B7D700DDB3B5 /* FirebaseCore */,
				6C96776C2EEA2F9900DDB3B5 /* FirebaseMessaging */,
			);
			productName = WalkingWR;
			productReference = 6CA4D88E2EE6145800FFA65F /* WalkingWR.app */;
			productType = "com.apple.product-type.application";
		};
/* End PBXNativeTarget section */

/* Begin PBXProject section */
		6CA4D8862EE6145800FFA65F /* Project object */ = {
			isa = PBXProject;
			attributes = {
				BuildIndependentTargetsInParallel = 1;
				LastSwiftUpdateCheck = 2610;
				LastUpgradeCheck = 2610;
				TargetAttributes = {
					6CA4D88D2EE6145800FFA65F = {
						CreatedOnToolsVersion = 26.1.1;
					};
				};
			};
			buildConfigurationList = 6CA4D8892EE6145800FFA65F /* Build configuration list for PBXProject "WalkingWR" */;
			developmentRegion = en;
			hasScannedForEncodings = 0;
			knownRegions = (
				en,
				Base,
			);
			mainGroup = 6CA4D8852EE6145800FFA65F;
			minimizedProjectReferenceProxies = 1;
			packageReferences = (
				6C96772D2EE9B71D00DDB3B5 /* XCRemoteSwiftPackageReference "firebase-ios-sdk" */,
			);
			preferredProjectObjectVersion = 77;
			productRefGroup = 6CA4D88F2EE6145800FFA65F /* Products */;
			projectDirPath = "";
			projectRoot = "";
			targets = (
				6CA4D88D2EE6145800FFA65F /* WalkingWR */,
			);
		};
/* End PBXProject section */

/* Begin PBXResourcesBuildPhase section */
		6CA4D88C2EE6145800FFA65F /* Resources */ = {
			isa = PBXResourcesBuildPhase;
			buildActionMask = 2147483647;
			files = (
			);
			runOnlyForDeploymentPostprocessing = 0;
		};
/* End PBXResourcesBuildPhase section */

/* Begin PBXSourcesBuildPhase section */
		6CA4D88A2EE6145800FFA65F /* Sources */ = {
			isa = PBXSourcesBuildPhase;
			buildActionMask = 2147483647;
			files = (
			);
			runOnlyForDeploymentPostprocessing = 0;
		};
/* End PBXSourcesBuildPhase section */

/* Begin XCBuildConfiguration section */
		6CA4D8972EE6145900FFA65F /* Debug */ = {
			isa = XCBuildConfiguration;
			buildSettings = {
				ALWAYS_SEARCH_USER_PATHS = NO;
				ASSETCATALOG_COMPILER_GENERATE_SWIFT_ASSET_SYMBOL_EXTENSIONS = YES;
				CLANG_ANALYZER_NONNULL = YES;
				CLANG_ANALYZER_NUMBER_OBJECT_CONVERSION = YES_AGGRESSIVE;
				CLANG_CXX_LANGUAGE_STANDARD = "gnu++20";
				CLANG_ENABLE_MODULES = YES;
				CLANG_ENABLE_OBJC_ARC = YES;
				CLANG_ENABLE_OBJC_WEAK = YES;
				CLANG_WARN_BLOCK_CAPTURE_AUTORELEASING = YES;
				CLANG_WARN_BOOL_CONVERSION = YES;
				CLANG_WARN_COMMA = YES;
				CLANG_WARN_CONSTANT_CONVERSION = YES;
				CLANG_WARN_DEPRECATED_OBJC_IMPLEMENTATIONS = YES;
				CLANG_WARN_DIRECT_OBJC_ISA_USAGE = YES_ERROR;
				CLANG_WARN_DOCUMENTATION_COMMENTS = YES;
				CLANG_WARN_EMPTY_BODY = YES;
				CLANG_WARN_ENUM_CONVERSION = YES;
				CLANG_WARN_INFINITE_RECURSION = YES;
				CLANG_WARN_INT_CONVERSION = YES;
				CLANG_WARN_NON_LITERAL_NULL_CONVERSION = YES;
				CLANG_WARN_OBJC_IMPLICIT_RETAIN_SELF = YES;
				CLANG_WARN_OBJC_LITERAL_CONVERSION = YES;
				CLANG_WARN_OBJC_ROOT_CLASS = YES_ERROR;
				CLANG_WARN_QUOTED_INCLUDE_IN_FRAMEWORK_HEADER = YES;
				CLANG_WARN_RANGE_LOOP_ANALYSIS = YES;
				CLANG_WARN_STRICT_PROTOTYPES = YES;
				CLANG_WARN_SUSPICIOUS_MOVE = YES;
				CLANG_WARN_UNGUARDED_AVAILABILITY = YES_AGGRESSIVE;
				CLANG_WARN_UNREACHABLE_CODE = YES;
				CLANG_WARN__DUPLICATE_METHOD_MATCH = YES;
				COPY_PHASE_STRIP = NO;
				DEAD_CODE_STRIPPING = YES;
				DEBUG_INFORMATION_FORMAT = dwarf;
				DEVELOPMENT_TEAM = KJ6SWNDC54;
				ENABLE_STRICT_OBJC_MSGSEND = YES;
				ENABLE_TESTABILITY = YES;
				ENABLE_USER_SCRIPT_SANDBOXING = YES;
				GCC_C_LANGUAGE_STANDARD = gnu17;
				GCC_DYNAMIC_NO_PIC = NO;
				GCC_NO_COMMON_BLOCKS = YES;
				GCC_OPTIMIZATION_LEVEL = 0;
				GCC_PREPROCESSOR_DEFINITIONS = (
					"DEBUG=1",
					"$(inherited)",
				);
				GCC_WARN_64_TO_32_BIT_CONVERSION = YES;
				GCC_WARN_ABOUT_RETURN_TYPE = YES_ERROR;
				GCC_WARN_UNDECLARED_SELECTOR = YES;
				GCC_WARN_UNINITIALIZED_AUTOS = YES_AGGRESSIVE;
				GCC_WARN_UNUSED_FUNCTION = YES;
				GCC_WARN_UNUSED_VARIABLE = YES;
				LOCALIZATION_PREFERS_STRING_CATALOGS = YES;
				MTL_ENABLE_DEBUG_INFO = INCLUDE_SOURCE;
				MTL_FAST_MATH = YES;
				ONLY_ACTIVE_ARCH = YES;
				STRING_CATALOG_GENERATE_SYMBOLS = YES;
				SWIFT_ACTIVE_COMPILATION_CONDITIONS = "DEBUG $(inherited)";
				SWIFT_OPTIMIZATION_LEVEL = "-Onone";
			};
			name = Debug;
		};
		6CA4D8982EE6145900FFA65F /* Release */ = {
			isa = XCBuildConfiguration;
			buildSettings = {
				ALWAYS_SEARCH_USER_PATHS = NO;
				ASSETCATALOG_COMPILER_GENERATE_SWIFT_ASSET_SYMBOL_EXTENSIONS = YES;
				CLANG_ANALYZER_NONNULL = YES;
				CLANG_ANALYZER_NUMBER_OBJECT_CONVERSION = YES_AGGRESSIVE;
				CLANG_CXX_LANGUAGE_STANDARD = "gnu++20";
				CLANG_ENABLE_MODULES = YES;
				CLANG_ENABLE_OBJC_ARC = YES;
				CLANG_ENABLE_OBJC_WEAK = YES;
				CLANG_WARN_BLOCK_CAPTURE_AUTORELEASING = YES;
				CLANG_WARN_BOOL_CONVERSION = YES;
				CLANG_WARN_COMMA = YES;
				CLANG_WARN_CONSTANT_CONVERSION = YES;
				CLANG_WARN_DEPRECATED_OBJC_IMPLEMENTATIONS = YES;
				CLANG_WARN_DIRECT_OBJC_ISA_USAGE = YES_ERROR;
				CLANG_WARN_DOCUMENTATION_COMMENTS = YES;
				CLANG_WARN_EMPTY_BODY = YES;
				CLANG_WARN_ENUM_CONVERSION = YES;
				CLANG_WARN_INFINITE_RECURSION = YES;
				CLANG_WARN_INT_CONVERSION = YES;
				CLANG_WARN_NON_LITERAL_NULL_CONVERSION = YES;
				CLANG_WARN_OBJC_IMPLICIT_RETAIN_SELF = YES;
				CLANG_WARN_OBJC_LITERAL_CONVERSION = YES;
				CLANG_WARN_OBJC_ROOT_CLASS = YES_ERROR;
				CLANG_WARN_QUOTED_INCLUDE_IN_FRAMEWORK_HEADER = YES;
				CLANG_WARN_RANGE_LOOP_ANALYSIS = YES;
				CLANG_WARN_STRICT_PROTOTYPES = YES;
				CLANG_WARN_SUSPICIOUS_MOVE = YES;
				CLANG_WARN_UNGUARDED_AVAILABILITY = YES_AGGRESSIVE;
				CLANG_WARN_UNREACHABLE_CODE = YES;
				CLANG_WARN__DUPLICATE_METHOD_MATCH = YES;
				COPY_PHASE_STRIP = NO;
				DEAD_CODE_STRIPPING = YES;
				DEBUG_INFORMATION_FORMAT = "dwarf-with-dsym";
				DEVELOPMENT_TEAM = KJ6SWNDC54;
				ENABLE_NS_ASSERTIONS = NO;
				ENABLE_STRICT_OBJC_MSGSEND = YES;
				ENABLE_USER_SCRIPT_SANDBOXING = YES;
				GCC_C_LANGUAGE_STANDARD = gnu17;
				GCC_NO_COMMON_BLOCKS = YES;
				GCC_WARN_64_TO_32_BIT_CONVERSION = YES;
				GCC_WARN_ABOUT_RETURN_TYPE = YES_ERROR;
				GCC_WARN_UNDECLARED_SELECTOR = YES;
				GCC_WARN_UNINITIALIZED_AUTOS = YES_AGGRESSIVE;
				GCC_WARN_UNUSED_FUNCTION = YES;
				GCC_WARN_UNUSED_VARIABLE = YES;
				LOCALIZATION_PREFERS_STRING_CATALOGS = YES;
				MTL_ENABLE_DEBUG_INFO = NO;
				MTL_FAST_MATH = YES;
				STRING_CATALOG_GENERATE_SYMBOLS = YES;
				SWIFT_COMPILATION_MODE = wholemodule;
			};
			name = Release;
		};
		6CA4D89A2EE6145900FFA65F /* Debug */ = {
			isa = XCBuildConfiguration;
			buildSettings = {
				ASSETCATALOG_COMPILER_APPICON_NAME = AppIcon;
				ASSETCATALOG_COMPILER_GLOBAL_ACCENT_COLOR_NAME = AccentColor;
				CODE_SIGN_ENTITLEMENTS = WalkingWR/WalkingWR.entitlements;
				CODE_SIGN_IDENTITY = "Apple Development";
				CODE_SIGN_STYLE = Automatic;
				CURRENT_PROJECT_VERSION = 253;
				DEVELOPMENT_TEAM = KJ6SWNDC54;
				ENABLE_PREVIEWS = YES;
				GENERATE_INFOPLIST_FILE = YES;
				INFOPLIST_FILE = WalkingWR/Info.plist;
				INFOPLIST_KEY_CFBundleDisplayName = WaitWell;
				INFOPLIST_KEY_NSCameraUsageDescription = "We need camera access to take photos of nature during your walks.";
				INFOPLIST_KEY_NSHealthClinicalHealthRecordsShareUsageDescription = "Health data helps track your walking progress.";
				INFOPLIST_KEY_NSHealthShareUsageDescription = "We'd like to track your steps during walks to show your activity progress.";
				INFOPLIST_KEY_NSHealthUpdateUsageDescription = "Walking data helps us track your wellbeing progress.";
				INFOPLIST_KEY_NSLocationWhenInUseUsageDescription = "We use your location to track your walking route and send you timely return alerts when you're halfway through your walk.";
				INFOPLIST_KEY_NSMotionUsageDescription = "Motion data helps us count your steps during walks.";
				INFOPLIST_KEY_NSPhotoLibraryAddUsageDescription = "We save photos you take during your walks to your photo library.";
				INFOPLIST_KEY_NSPhotoLibraryUsageDescription = "We need access to your photo library to select photos.";
				INFOPLIST_KEY_UIApplicationSceneManifest_Generation = YES;
				INFOPLIST_KEY_UIApplicationSupportsIndirectInputEvents = YES;
				INFOPLIST_KEY_UILaunchScreen_Generation = YES;
				INFOPLIST_KEY_UISupportedInterfaceOrientations = UIInterfaceOrientationPortrait;
				IPHONEOS_DEPLOYMENT_TARGET = 17.0;
				LD_RUNPATH_SEARCH_PATHS = (
					"$(inherited)",
					"@executable_path/Frameworks",
				);
				MARKETING_VERSION = 1.9.69;
				PRODUCT_BUNDLE_IDENTIFIER = com.nhs.WalkingWR;
				PRODUCT_NAME = "$(TARGET_NAME)";
				PROVISIONING_PROFILE_SPECIFIER = "";
				SDKROOT = iphoneos;
				SUPPORTED_PLATFORMS = "iphoneos iphonesimulator";
				SUPPORTS_MACCATALYST = NO;
				SWIFT_EMIT_LOC_STRINGS = YES;
				SWIFT_VERSION = 5.0;
				TARGETED_DEVICE_FAMILY = "1,2";
			};
			name = Debug;
		};
		6CA4D89B2EE6145900FFA65F /* Release */ = {
			isa = XCBuildConfiguration;
			buildSettings = {
				ASSETCATALOG_COMPILER_APPICON_NAME = AppIcon;
				ASSETCATALOG_COMPILER_GLOBAL_ACCENT_COLOR_NAME = AccentColor;
				CODE_SIGN_ENTITLEMENTS = WalkingWR/WalkingWR.entitlements;
				CODE_SIGN_IDENTITY = "Apple Development";
				CODE_SIGN_STYLE = Automatic;
				CURRENT_PROJECT_VERSION = 253;
				DEVELOPMENT_TEAM = KJ6SWNDC54;
				ENABLE_PREVIEWS = YES;
				GENERATE_INFOPLIST_FILE = YES;
				INFOPLIST_FILE = WalkingWR/Info.plist;
				INFOPLIST_KEY_CFBundleDisplayName = WaitWell;
				INFOPLIST_KEY_NSCameraUsageDescription = "We need camera access to take photos of nature during your walks.";
				INFOPLIST_KEY_NSHealthClinicalHealthRecordsShareUsageDescription = "Health data helps track your walking progress.";
				INFOPLIST_KEY_NSHealthShareUsageDescription = "We'd like to track your steps during walks to show your activity progress.";
				INFOPLIST_KEY_NSHealthUpdateUsageDescription = "Walking data helps us track your wellbeing progress.";
				INFOPLIST_KEY_NSLocationWhenInUseUsageDescription = "We use your location to track your walking route and send you timely return alerts when you're halfway through your walk.";
				INFOPLIST_KEY_NSMotionUsageDescription = "Motion data helps us count your steps during walks.";
				INFOPLIST_KEY_NSPhotoLibraryAddUsageDescription = "We save photos you take during your walks to your photo library.";
				INFOPLIST_KEY_NSPhotoLibraryUsageDescription = "We need access to your photo library to select photos.";
				INFOPLIST_KEY_UIApplicationSceneManifest_Generation = YES;
				INFOPLIST_KEY_UIApplicationSupportsIndirectInputEvents = YES;
				INFOPLIST_KEY_UILaunchScreen_Generation = YES;
				INFOPLIST_KEY_UISupportedInterfaceOrientations = UIInterfaceOrientationPortrait;
				IPHONEOS_DEPLOYMENT_TARGET = 17.0;
				LD_RUNPATH_SEARCH_PATHS = (
					"$(inherited)",
					"@executable_path/Frameworks",
				);
				MARKETING_VERSION = 1.9.69;
				PRODUCT_BUNDLE_IDENTIFIER = com.nhs.WalkingWR;
				PRODUCT_NAME = "$(TARGET_NAME)";
				PROVISIONING_PROFILE_SPECIFIER = "";
				SDKROOT = iphoneos;
				SUPPORTED_PLATFORMS = "iphoneos iphonesimulator";
				SUPPORTS_MACCATALYST = NO;
				SWIFT_EMIT_LOC_STRINGS = YES;
				SWIFT_VERSION = 5.0;
				TARGETED_DEVICE_FAMILY = "1,2";
				VALIDATE_PRODUCT = YES;
			};
			name = Release;
		};
/* End XCBuildConfiguration section */

/* Begin XCConfigurationList section */
		6CA4D8892EE6145800FFA65F /* Build configuration list for PBXProject "WalkingWR" */ = {
			isa = XCConfigurationList;
			buildConfigurations = (
				6CA4D8972EE6145900FFA65F /* Debug */,
				6CA4D8982EE6145900FFA65F /* Release */,
			);
			defaultConfigurationIsVisible = 0;
			defaultConfigurationName = Release;
		};
		6CA4D8992EE6145900FFA65F /* Build configuration list for PBXNativeTarget "WalkingWR" */ = {
			isa = XCConfigurationList;
			buildConfigurations = (
				6CA4D89A2EE6145900FFA65F /* Debug */,
				6CA4D89B2EE6145900FFA65F /* Release */,
			);
			defaultConfigurationIsVisible = 0;
			defaultConfigurationName = Release;
		};
/* End XCConfigurationList section */

/* Begin XCRemoteSwiftPackageReference section */
		6C96772D2EE9B71D00DDB3B5 /* XCRemoteSwiftPackageReference "firebase-ios-sdk" */ = {
			isa = XCRemoteSwiftPackageReference;
			repositoryURL = "https://github.com/firebase/firebase-ios-sdk";
			requirement = {
				kind = upToNextMajorVersion;
				minimumVersion = 12.6.0;
			};
		};
/* End XCRemoteSwiftPackageReference section */

/* Begin XCSwiftPackageProductDependency section */
		6C96772F2EE9B7CE00DDB3B5 /* FirebaseFirestore */ = {
			isa = XCSwiftPackageProductDependency;
			package = 6C96772D2EE9B71D00DDB3B5 /* XCRemoteSwiftPackageReference "firebase-ios-sdk" */;
			productName = FirebaseFirestore;
		};
		6C9677312EE9B7D700DDB3B5 /* FirebaseCore */ = {
			isa = XCSwiftPackageProductDependency;
			package = 6C96772D2EE9B71D00DDB3B5 /* XCRemoteSwiftPackageReference "firebase-ios-sdk" */;
			productName = FirebaseCore;
		};
		6C96776C2EEA2F9900DDB3B5 /* FirebaseMessaging */ = {
			isa = XCSwiftPackageProductDependency;
			package = 6C96772D2EE9B71D00DDB3B5 /* XCRemoteSwiftPackageReference "firebase-ios-sdk" */;
			productName = FirebaseMessaging;
		};
/* End XCSwiftPackageProductDependency section */
	};
	rootObject = 6CA4D8862EE6145800FFA65F /* Project object */;
}
